
Microsoft Visual Studio Solution File, Format Version 12.00
# Visual Studio Version 16
VisualStudioVersion = 16.0.31402.337
MinimumVisualStudioVersion = 10.0.40219.1
Project("{FAE04EC0-301F-11D3-BF4B-00C04F79EFBC}") = "Simple_Game", "Simple_Game\Simple_Game.csproj", "{7FA09A09-B05C-4969-8EFA-4C80E7D979D5}"
EndProject
Global
	GlobalSection(SolutionConfigurationPlatforms) = preSolution
		Debug|Any CPU = Debug|Any CPU
		Release|Any CPU = Release|Any CPU
	EndGlobalSection
	GlobalSection(ProjectConfigurationPlatforms) = postSolution
		{7FA09A09-B05C-4969-8EFA-4C80E7D979D5}.Debug|Any CPU.ActiveCfg = Debug|Any CPU
		{7FA09A09-B05C-4969-8EFA-4C80E7D979D5}.Debug|Any CPU.Build.0 = Debug|Any CPU
		{7FA09A09-B05C-4969-8EFA-4C80E7D979D5}.Release|Any CPU.ActiveCfg = Release|Any CPU
		{7FA09A09-B05C-4969-8EFA-4C80E7D979D5}.Release|Any CPU.Build.0 = Release|Any CPU
	EndGlobalSection
	GlobalSection(SolutionProperties) = preSolution
		HideSolutionNode = FALSE
	EndGlobalSection
	GlobalSection(ExtensibilityGlobals) = postSolution
		SolutionGuid = {98DC3F3E-6CA7-414B-98B9-B51F56493FF7}
	EndGlobalSection
EndGlobal
